{
  "name": "time-limited-file-cache",
  "version": "0.0.2",
  "lockfileVersion": 3,
  "requires": true,
  "packages": {
    "": {
      "name": "time-limited-file-cache",
      "version": "0.0.2",
      "license": "MIT",
      "devDependencies": {
        "nexus-array-buffer-pool": "^0.0.1",
        "systeminformation": "^5.27.11"
      }
    },
    "node_modules/nexus-array-buffer-pool": {
      "version": "0.0.1",
      "resolved": "https://registry.npmjs.org/nexus-array-buffer-pool/-/nexus-array-buffer-pool-0.0.1.tgz",
      "integrity": "sha512-8icIIeAyfWCiE0gQqK7Br6R8vsNUVoF/yUTkBdJNNJnqqQiOMJHUKJ1avsPHZ+j3rvKYMVJCCzVWgWQwye8o1g==",
      "dev": true,
      "license": "MIT"
    },
    "node_modules/systeminformation": {
      "version": "5.27.11",
      "resolved": "https://registry.npmjs.org/systeminformation/-/systeminformation-5.27.11.tgz",
      "integrity": "sha512-K3Lto/2m3K2twmKHdgx5B+0in9qhXK4YnoT9rIlgwN/4v7OV5c8IjbeAUkuky/6VzCQC7iKCAqi8rZathCdjHg==",
      "dev": true,
      "license": "MIT",
      "os": [
        "darwin",
        "linux",
        "win32",
        "freebsd",
        "openbsd",
        "netbsd",
        "sunos",
        "android"
      ],
      "bin": {
        "systeminformation": "lib/cli.js"
      },
      "engines": {
        "node": ">=8.0.0"
      },
      "funding": {
        "type": "Buy me a coffee",
        "url": "https://www.buymeacoffee.com/systeminfo"
      }
    }
  }
}
